
Microsoft Visual Studio Solution File, Format Version 12.00
# Visual Studio Version 17
VisualStudioVersion = 17.3.32922.545
MinimumVisualStudioVersion = 10.0.40219.1
Project("{FAE04EC0-301F-11D3-BF4B-00C04F79EFBC}") = "P6_1_1214085", "P6_1_1214085\P6_1_1214085.csproj", "{8DCA8B9D-81AF-4017-9843-1D456F0D3034}"
EndProject
Global
	GlobalSection(SolutionConfigurationPlatforms) = preSolution
		Debug|Any CPU = Debug|Any CPU
		Release|Any CPU = Release|Any CPU
	EndGlobalSection
	GlobalSection(ProjectConfigurationPlatforms) = postSolution
		{8DCA8B9D-81AF-4017-9843-1D456F0D3034}.Debug|Any CPU.ActiveCfg = Debug|Any CPU
		{8DCA8B9D-81AF-4017-9843-1D456F0D3034}.Debug|Any CPU.Build.0 = Debug|Any CPU
		{8DCA8B9D-81AF-4017-9843-1D456F0D3034}.Release|Any CPU.ActiveCfg = Release|Any CPU
		{8DCA8B9D-81AF-4017-9843-1D456F0D3034}.Release|Any CPU.Build.0 = Release|Any CPU
	EndGlobalSection
	GlobalSection(SolutionProperties) = preSolution
		HideSolutionNode = FALSE
	EndGlobalSection
	GlobalSection(ExtensibilityGlobals) = postSolution
		SolutionGuid = {34077181-3B21-4824-8F3D-64B3F4348345}
	EndGlobalSection
EndGlobal
